// !$*UTF8*$!
{
	archiveVersion = 1;
	classes = {
	};
	objectVersion = 50;
	objects = {

/* Begin PBXBuildFile section */
		4965B62F237C379000929AA6 /* CategoryIndicatorView.swift in Sources */ = {isa = PBXBuildFile; fileRef = 4965B62E237C379000929AA6 /* CategoryIndicatorView.swift */; };
		4965B631237C390D00929AA6 /* CategoryCellView.swift in Sources */ = {isa = PBXBuildFile; fileRef = 4965B630237C390D00929AA6 /* CategoryCellView.swift */; };
		4965B635237C48B500929AA6 /* User.swift in Sources */ = {isa = PBXBuildFile; fileRef = 4965B634237C48B500929AA6 /* User.swift */; };
		4965B639237DA88300929AA6 /* NoteAddedView.swift in Sources */ = {isa = PBXBuildFile; fileRef = 4965B638237DA88300929AA6 /* NoteAddedView.swift */; };
		4965B6412388065600929AA6 /* CloudKit.framework in Frameworks */ = {isa = PBXBuildFile; fileRef = 4965B6402388065600929AA6 /* CloudKit.framework */; };
		4965B6442388086A00929AA6 /* DataModel.xcdatamodeld in Sources */ = {isa = PBXBuildFile; fileRef = 4965B6422388086A00929AA6 /* DataModel.xcdatamodeld */; };
		498CA032237C337F004D9343 /* ListView.swift in Sources */ = {isa = PBXBuildFile; fileRef = 498CA031237C337F004D9343 /* ListView.swift */; };
		49D5618423798B0B00CD02E8 /* AppDelegate.swift in Sources */ = {isa = PBXBuildFile; fileRef = 49D5618323798B0B00CD02E8 /* AppDelegate.swift */; };
		49D5618623798B0B00CD02E8 /* SceneDelegate.swift in Sources */ = {isa = PBXBuildFile; fileRef = 49D5618523798B0B00CD02E8 /* SceneDelegate.swift */; };
		49D5618923798B0B00CD02E8 /* caixinha.xcdatamodeld in Sources */ = {isa = PBXBuildFile; fileRef = 49D5618723798B0B00CD02E8 /* caixinha.xcdatamodeld */; };
		49D5618B23798B0B00CD02E8 /* ContentView.swift in Sources */ = {isa = PBXBuildFile; fileRef = 49D5618A23798B0B00CD02E8 /* ContentView.swift */; };
		49D5618D23798B0C00CD02E8 /* Assets.xcassets in Resources */ = {isa = PBXBuildFile; fileRef = 49D5618C23798B0C00CD02E8 /* Assets.xcassets */; };
		49D5619023798B0C00CD02E8 /* Preview Assets.xcassets in Resources */ = {isa = PBXBuildFile; fileRef = 49D5618F23798B0C00CD02E8 /* Preview Assets.xcassets */; };
		49D5619323798B0C00CD02E8 /* LaunchScreen.storyboard in Resources */ = {isa = PBXBuildFile; fileRef = 49D5619123798B0C00CD02E8 /* LaunchScreen.storyboard */; };
		49D5619E23798B0C00CD02E8 /* caixinhaTests.swift in Sources */ = {isa = PBXBuildFile; fileRef = 49D5619D23798B0C00CD02E8 /* caixinhaTests.swift */; };
		49D561A923798B0C00CD02E8 /* caixinhaUITests.swift in Sources */ = {isa = PBXBuildFile; fileRef = 49D561A823798B0C00CD02E8 /* caixinhaUITests.swift */; };
		49D561B723799DF800CD02E8 /* Constants.swift in Sources */ = {isa = PBXBuildFile; fileRef = 49D561B623799DF800CD02E8 /* Constants.swift */; };
		49D561B92379B15600CD02E8 /* ButtonStyle.swift in Sources */ = {isa = PBXBuildFile; fileRef = 49D561B82379B15600CD02E8 /* ButtonStyle.swift */; };
		49D561BB237ADB2B00CD02E8 /* TextView.swift in Sources */ = {isa = PBXBuildFile; fileRef = 49D561BA237ADB2B00CD02E8 /* TextView.swift */; };
/* End PBXBuildFile section */

/* Begin PBXContainerItemProxy section */
		49D5619A23798B0C00CD02E8 /* PBXContainerItemProxy */ = {
			isa = PBXContainerItemProxy;
			containerPortal = 49D5617823798B0B00CD02E8 /* Project object */;
			proxyType = 1;
			remoteGlobalIDString = 49D5617F23798B0B00CD02E8;
			remoteInfo = caixinha;
		};
		49D561A523798B0C00CD02E8 /* PBXContainerItemProxy */ = {
			isa = PBXContainerItemProxy;
			containerPortal = 49D5617823798B0B00CD02E8 /* Project object */;
			proxyType = 1;
			remoteGlobalIDString = 49D5617F23798B0B00CD02E8;
			remoteInfo = caixinha;
		};
/* End PBXContainerItemProxy section */

/* Begin PBXFileReference section */
		4965B62E237C379000929AA6 /* CategoryIndicatorView.swift */ = {isa = PBXFileReference; lastKnownFileType = sourcecode.swift; path = CategoryIndicatorView.swift; sourceTree = "<group>"; };
		4965B630237C390D00929AA6 /* CategoryCellView.swift */ = {isa = PBXFileReference; lastKnownFileType = sourcecode.swift; path = CategoryCellView.swift; sourceTree = "<group>"; };
		4965B634237C48B500929AA6 /* User.swift */ = {isa = PBXFileReference; lastKnownFileType = sourcecode.swift; path = User.swift; sourceTree = "<group>"; };
		4965B638237DA88300929AA6 /* NoteAddedView.swift */ = {isa = PBXFileReference; lastKnownFileType = sourcecode.swift; path = NoteAddedView.swift; sourceTree = "<group>"; };
		4965B63E2388064100929AA6 /* caixinha.entitlements */ = {isa = PBXFileReference; lastKnownFileType = text.plist.entitlements; path = caixinha.entitlements; sourceTree = "<group>"; };
		4965B6402388065600929AA6 /* CloudKit.framework */ = {isa = PBXFileReference; lastKnownFileType = wrapper.framework; name = CloudKit.framework; path = System/Library/Frameworks/CloudKit.framework; sourceTree = SDKROOT; };
		4965B6432388086A00929AA6 /* DataModel.xcdatamodel */ = {isa = PBXFileReference; lastKnownFileType = wrapper.xcdatamodel; path = DataModel.xcdatamodel; sourceTree = "<group>"; };
		498CA031237C337F004D9343 /* ListView.swift */ = {isa = PBXFileReference; lastKnownFileType = sourcecode.swift; path = ListView.swift; sourceTree = "<group>"; };
		49D5618023798B0B00CD02E8 /* caixinha.app */ = {isa = PBXFileReference; explicitFileType = wrapper.application; includeInIndex = 0; path = caixinha.app; sourceTree = BUILT_PRODUCTS_DIR; };
		49D5618323798B0B00CD02E8 /* AppDelegate.swift */ = {isa = PBXFileReference; lastKnownFileType = sourcecode.swift; path = AppDelegate.swift; sourceTree = "<group>"; };
		49D5618523798B0B00CD02E8 /* SceneDelegate.swift */ = {isa = PBXFileReference; lastKnownFileType = sourcecode.swift; path = SceneDelegate.swift; sourceTree = "<group>"; };
		49D5618823798B0B00CD02E8 /* caixinha.xcdatamodel */ = {isa = PBXFileReference; lastKnownFileType = wrapper.xcdatamodel; path = caixinha.xcdatamodel; sourceTree = "<group>"; };
		49D5618A23798B0B00CD02E8 /* ContentView.swift */ = {isa = PBXFileReference; lastKnownFileType = sourcecode.swift; path = ContentView.swift; sourceTree = "<group>"; };
		49D5618C23798B0C00CD02E8 /* Assets.xcassets */ = {isa = PBXFileReference; lastKnownFileType = folder.assetcatalog; path = Assets.xcassets; sourceTree = "<group>"; };
		49D5618F23798B0C00CD02E8 /* Preview Assets.xcassets */ = {isa = PBXFileReference; lastKnownFileType = folder.assetcatalog; path = "Preview Assets.xcassets"; sourceTree = "<group>"; };
		49D5619223798B0C00CD02E8 /* Base */ = {isa = PBXFileReference; lastKnownFileType = file.storyboard; name = Base; path = Base.lproj/LaunchScreen.storyboard; sourceTree = "<group>"; };
		49D5619423798B0C00CD02E8 /* Info.plist */ = {isa = PBXFileReference; lastKnownFileType = text.plist.xml; path = Info.plist; sourceTree = "<group>"; };
		49D5619923798B0C00CD02E8 /* caixinhaTests.xctest */ = {isa = PBXFileReference; explicitFileType = wrapper.cfbundle; includeInIndex = 0; path = caixinhaTests.xctest; sourceTree = BUILT_PRODUCTS_DIR; };
		49D5619D23798B0C00CD02E8 /* caixinhaTests.swift */ = {isa = PBXFileReference; lastKnownFileType = sourcecode.swift; path = caixinhaTests.swift; sourceTree = "<group>"; };
		49D5619F23798B0C00CD02E8 /* Info.plist */ = {isa = PBXFileReference; lastKnownFileType = text.plist.xml; path = Info.plist; sourceTree = "<group>"; };
		49D561A423798B0C00CD02E8 /* caixinhaUITests.xctest */ = {isa = PBXFileReference; explicitFileType = wrapper.cfbundle; includeInIndex = 0; path = caixinhaUITests.xctest; sourceTree = BUILT_PRODUCTS_DIR; };
		49D561A823798B0C00CD02E8 /* caixinhaUITests.swift */ = {isa = PBXFileReference; lastKnownFileType = sourcecode.swift; path = caixinhaUITests.swift; sourceTree = "<group>"; };
		49D561AA23798B0C00CD02E8 /* Info.plist */ = {isa = PBXFileReference; lastKnownFileType = text.plist.xml; path = Info.plist; sourceTree = "<group>"; };
		49D561B623799DF800CD02E8 /* Constants.swift */ = {isa = PBXFileReference; lastKnownFileType = sourcecode.swift; path = Constants.swift; sourceTree = "<group>"; };
		49D561B82379B15600CD02E8 /* ButtonStyle.swift */ = {isa = PBXFileReference; lastKnownFileType = sourcecode.swift; path = ButtonStyle.swift; sourceTree = "<group>"; };
		49D561BA237ADB2B00CD02E8 /* TextView.swift */ = {isa = PBXFileReference; lastKnownFileType = sourcecode.swift; path = TextView.swift; sourceTree = "<group>"; };
/* End PBXFileReference section */

/* Begin PBXFrameworksBuildPhase section */
		49D5617D23798B0B00CD02E8 /* Frameworks */ = {
			isa = PBXFrameworksBuildPhase;
			buildActionMask = 2147483647;
			files = (
				4965B6412388065600929AA6 /* CloudKit.framework in Frameworks */,
			);
			runOnlyForDeploymentPostprocessing = 0;
		};
		49D5619623798B0C00CD02E8 /* Frameworks */ = {
			isa = PBXFrameworksBuildPhase;
			buildActionMask = 2147483647;
			files = (
			);
			runOnlyForDeploymentPostprocessing = 0;
		};
		49D561A123798B0C00CD02E8 /* Frameworks */ = {
			isa = PBXFrameworksBuildPhase;
			buildActionMask = 2147483647;
			files = (
			);
			runOnlyForDeploymentPostprocessing = 0;
		};
/* End PBXFrameworksBuildPhase section */

/* Begin PBXGroup section */
		4965B63F2388065600929AA6 /* Frameworks */ = {
			isa = PBXGroup;
			children = (
				4965B6402388065600929AA6 /* CloudKit.framework */,
			);
			name = Frameworks;
			sourceTree = "<group>";
		};
		49D5617723798B0B00CD02E8 = {
			isa = PBXGroup;
			children = (
				49D5618223798B0B00CD02E8 /* caixinha */,
				49D5619C23798B0C00CD02E8 /* caixinhaTests */,
				49D561A723798B0C00CD02E8 /* caixinhaUITests */,
				49D5618123798B0B00CD02E8 /* Products */,
				4965B63F2388065600929AA6 /* Frameworks */,
			);
			sourceTree = "<group>";
		};
		49D5618123798B0B00CD02E8 /* Products */ = {
			isa = PBXGroup;
			children = (
				49D5618023798B0B00CD02E8 /* caixinha.app */,
				49D5619923798B0C00CD02E8 /* caixinhaTests.xctest */,
				49D561A423798B0C00CD02E8 /* caixinhaUITests.xctest */,
			);
			name = Products;
			sourceTree = "<group>";
		};
		49D5618223798B0B00CD02E8 /* caixinha */ = {
			isa = PBXGroup;
			children = (
				4965B63E2388064100929AA6 /* caixinha.entitlements */,
				49D5618323798B0B00CD02E8 /* AppDelegate.swift */,
				4965B6422388086A00929AA6 /* DataModel.xcdatamodeld */,
				4965B634237C48B500929AA6 /* User.swift */,
				49D561B623799DF800CD02E8 /* Constants.swift */,
				49D561B82379B15600CD02E8 /* ButtonStyle.swift */,
				49D561BA237ADB2B00CD02E8 /* TextView.swift */,
				498CA031237C337F004D9343 /* ListView.swift */,
				49D5618A23798B0B00CD02E8 /* ContentView.swift */,
				4965B638237DA88300929AA6 /* NoteAddedView.swift */,
				4965B630237C390D00929AA6 /* CategoryCellView.swift */,
				49D5618523798B0B00CD02E8 /* SceneDelegate.swift */,
				4965B62E237C379000929AA6 /* CategoryIndicatorView.swift */,
				49D5618C23798B0C00CD02E8 /* Assets.xcassets */,
				49D5619123798B0C00CD02E8 /* LaunchScreen.storyboard */,
				49D5619423798B0C00CD02E8 /* Info.plist */,
				49D5618723798B0B00CD02E8 /* caixinha.xcdatamodeld */,
				49D5618E23798B0C00CD02E8 /* Preview Content */,
			);
			path = caixinha;
			sourceTree = "<group>";
		};
		49D5618E23798B0C00CD02E8 /* Preview Content */ = {
			isa = PBXGroup;
			children = (
				49D5618F23798B0C00CD02E8 /* Preview Assets.xcassets */,
			);
			path = "Preview Content";
			sourceTree = "<group>";
		};
		49D5619C23798B0C00CD02E8 /* caixinhaTests */ = {
			isa = PBXGroup;
			children = (
				49D5619D23798B0C00CD02E8 /* caixinhaTests.swift */,
				49D5619F23798B0C00CD02E8 /* Info.plist */,
			);
			path = caixinhaTests;
			sourceTree = "<group>";
		};
		49D561A723798B0C00CD02E8 /* caixinhaUITests */ = {
			isa = PBXGroup;
			children = (
				49D561A823798B0C00CD02E8 /* caixinhaUITests.swift */,
				49D561AA23798B0C00CD02E8 /* Info.plist */,
			);
			path = caixinhaUITests;
			sourceTree = "<group>";
		};
/* End PBXGroup section */

/* Begin PBXNativeTarget section */
		49D5617F23798B0B00CD02E8 /* caixinha */ = {
			isa = PBXNativeTarget;
			buildConfigurationList = 49D561AD23798B0C00CD02E8 /* Build configuration list for PBXNativeTarget "caixinha" */;
			buildPhases = (
				49D5617C23798B0B00CD02E8 /* Sources */,
				49D5617D23798B0B00CD02E8 /* Frameworks */,
				49D5617E23798B0B00CD02E8 /* Resources */,
			);
			buildRules = (
			);
			dependencies = (
			);
			name = caixinha;
			productName = caixinha;
			productReference = 49D5618023798B0B00CD02E8 /* caixinha.app */;
			productType = "com.apple.product-type.application";
		};
		49D5619823798B0C00CD02E8 /* caixinhaTests */ = {
			isa = PBXNativeTarget;
			buildConfigurationList = 49D561B023798B0C00CD02E8 /* Build configuration list for PBXNativeTarget "caixinhaTests" */;
			buildPhases = (
				49D5619523798B0C00CD02E8 /* Sources */,
				49D5619623798B0C00CD02E8 /* Frameworks */,
				49D5619723798B0C00CD02E8 /* Resources */,
			);
			buildRules = (
			);
			dependencies = (
				49D5619B23798B0C00CD02E8 /* PBXTargetDependency */,
			);
			name = caixinhaTests;
			productName = caixinhaTests;
			productReference = 49D5619923798B0C00CD02E8 /* caixinhaTests.xctest */;
			productType = "com.apple.product-type.bundle.unit-test";
		};
		49D561A323798B0C00CD02E8 /* caixinhaUITests */ = {
			isa = PBXNativeTarget;
			buildConfigurationList = 49D561B323798B0C00CD02E8 /* Build configuration list for PBXNativeTarget "caixinhaUITests" */;
			buildPhases = (
				49D561A023798B0C00CD02E8 /* Sources */,
				49D561A123798B0C00CD02E8 /* Frameworks */,
				49D561A223798B0C00CD02E8 /* Resources */,
			);
			buildRules = (
			);
			dependencies = (
				49D561A623798B0C00CD02E8 /* PBXTargetDependency */,
			);
			name = caixinhaUITests;
			productName = caixinhaUITests;
			productReference = 49D561A423798B0C00CD02E8 /* caixinhaUITests.xctest */;
			productType = "com.apple.product-type.bundle.ui-testing";
		};
/* End PBXNativeTarget section */

/* Begin PBXProject section */
		49D5617823798B0B00CD02E8 /* Project object */ = {
			isa = PBXProject;
			attributes = {
				LastSwiftUpdateCheck = 1110;
				LastUpgradeCheck = 1110;
				ORGANIZATIONNAME = "Manuella Valença";
				TargetAttributes = {
					49D5617F23798B0B00CD02E8 = {
						CreatedOnToolsVersion = 11.1;
					};
					49D5619823798B0C00CD02E8 = {
						CreatedOnToolsVersion = 11.1;
						TestTargetID = 49D5617F23798B0B00CD02E8;
					};
					49D561A323798B0C00CD02E8 = {
						CreatedOnToolsVersion = 11.1;
						TestTargetID = 49D5617F23798B0B00CD02E8;
					};
				};
			};
			buildConfigurationList = 49D5617B23798B0B00CD02E8 /* Build configuration list for PBXProject "caixinha" */;
			compatibilityVersion = "Xcode 9.3";
			developmentRegion = en;
			hasScannedForEncodings = 0;
			knownRegions = (
				en,
				Base,
			);
			mainGroup = 49D5617723798B0B00CD02E8;
			productRefGroup = 49D5618123798B0B00CD02E8 /* Products */;
			projectDirPath = "";
			projectRoot = "";
			targets = (
				49D5617F23798B0B00CD02E8 /* caixinha */,
				49D5619823798B0C00CD02E8 /* caixinhaTests */,
				49D561A323798B0C00CD02E8 /* caixinhaUITests */,
			);
		};
/* End PBXProject section */

/* Begin PBXResourcesBuildPhase section */
		49D5617E23798B0B00CD02E8 /* Resources */ = {
			isa = PBXResourcesBuildPhase;
			buildActionMask = 2147483647;
			files = (
				49D5619323798B0C00CD02E8 /* LaunchScreen.storyboard in Resources */,
				49D5619023798B0C00CD02E8 /* Preview Assets.xcassets in Resources */,
				49D5618D23798B0C00CD02E8 /* Assets.xcassets in Resources */,
			);
			runOnlyForDeploymentPostprocessing = 0;
		};
		49D5619723798B0C00CD02E8 /* Resources */ = {
			isa = PBXResourcesBuildPhase;
			buildActionMask = 2147483647;
			files = (
			);
			runOnlyForDeploymentPostprocessing = 0;
		};
		49D561A223798B0C00CD02E8 /* Resources */ = {
			isa = PBXResourcesBuildPhase;
			buildActionMask = 2147483647;
			files = (
			);
			runOnlyForDeploymentPostprocessing = 0;
		};
/* End PBXResourcesBuildPhase section */

/* Begin PBXSourcesBuildPhase section */
		49D5617C23798B0B00CD02E8 /* Sources */ = {
			isa = PBXSourcesBuildPhase;
			buildActionMask = 2147483647;
			files = (
				498CA032237C337F004D9343 /* ListView.swift in Sources */,
				49D561B723799DF800CD02E8 /* Constants.swift in Sources */,
				49D5618923798B0B00CD02E8 /* caixinha.xcdatamodeld in Sources */,
				49D5618423798B0B00CD02E8 /* AppDelegate.swift in Sources */,
				49D561BB237ADB2B00CD02E8 /* TextView.swift in Sources */,
				4965B639237DA88300929AA6 /* NoteAddedView.swift in Sources */,
				49D561B92379B15600CD02E8 /* ButtonStyle.swift in Sources */,
				4965B631237C390D00929AA6 /* CategoryCellView.swift in Sources */,
				4965B62F237C379000929AA6 /* CategoryIndicatorView.swift in Sources */,
				49D5618B23798B0B00CD02E8 /* ContentView.swift in Sources */,
				4965B6442388086A00929AA6 /* DataModel.xcdatamodeld in Sources */,
				49D5618623798B0B00CD02E8 /* SceneDelegate.swift in Sources */,
				4965B635237C48B500929AA6 /* User.swift in Sources */,
			);
			runOnlyForDeploymentPostprocessing = 0;
		};
		49D5619523798B0C00CD02E8 /* Sources */ = {
			isa = PBXSourcesBuildPhase;
			buildActionMask = 2147483647;
			files = (
				49D5619E23798B0C00CD02E8 /* caixinhaTests.swift in Sources */,
			);
			runOnlyForDeploymentPostprocessing = 0;
		};
		49D561A023798B0C00CD02E8 /* Sources */ = {
			isa = PBXSourcesBuildPhase;
			buildActionMask = 2147483647;
			files = (
				49D561A923798B0C00CD02E8 /* caixinhaUITests.swift in Sources */,
			);
			runOnlyForDeploymentPostprocessing = 0;
		};
/* End PBXSourcesBuildPhase section */

/* Begin PBXTargetDependency section */
		49D5619B23798B0C00CD02E8 /* PBXTargetDependency */ = {
			isa = PBXTargetDependency;
			target = 49D5617F23798B0B00CD02E8 /* caixinha */;
			targetProxy = 49D5619A23798B0C00CD02E8 /* PBXContainerItemProxy */;
		};
		49D561A623798B0C00CD02E8 /* PBXTargetDependency */ = {
			isa = PBXTargetDependency;
			target = 49D5617F23798B0B00CD02E8 /* caixinha */;
			targetProxy = 49D561A523798B0C00CD02E8 /* PBXContainerItemProxy */;
		};
/* End PBXTargetDependency section */

/* Begin PBXVariantGroup section */
		49D5619123798B0C00CD02E8 /* LaunchScreen.storyboard */ = {
			isa = PBXVariantGroup;
			children = (
				49D5619223798B0C00CD02E8 /* Base */,
			);
			name = LaunchScreen.storyboard;
			sourceTree = "<group>";
		};
/* End PBXVariantGroup section */

/* Begin XCBuildConfiguration section */
		49D561AB23798B0C00CD02E8 /* Debug */ = {
			isa = XCBuildConfiguration;
			buildSettings = {
				ALWAYS_SEARCH_USER_PATHS = NO;
				CLANG_ANALYZER_NONNULL = YES;
				CLANG_ANALYZER_NUMBER_OBJECT_CONVERSION = YES_AGGRESSIVE;
				CLANG_CXX_LANGUAGE_STANDARD = "gnu++14";
				CLANG_CXX_LIBRARY = "libc++";
				CLANG_ENABLE_MODULES = YES;
				CLANG_ENABLE_OBJC_ARC = YES;
				CLANG_ENABLE_OBJC_WEAK = YES;
				CLANG_WARN_BLOCK_CAPTURE_AUTORELEASING = YES;
				CLANG_WARN_BOOL_CONVERSION = YES;
				CLANG_WARN_COMMA = YES;
				CLANG_WARN_CONSTANT_CONVERSION = YES;
				CLANG_WARN_DEPRECATED_OBJC_IMPLEMENTATIONS = YES;
				CLANG_WARN_DIRECT_OBJC_ISA_USAGE = YES_ERROR;
				CLANG_WARN_DOCUMENTATION_COMMENTS = YES;
				CLANG_WARN_EMPTY_BODY = YES;
				CLANG_WARN_ENUM_CONVERSION = YES;
				CLANG_WARN_INFINITE_RECURSION = YES;
				CLANG_WARN_INT_CONVERSION = YES;
				CLANG_WARN_NON_LITERAL_NULL_CONVERSION = YES;
				CLANG_WARN_OBJC_IMPLICIT_RETAIN_SELF = YES;
				CLANG_WARN_OBJC_LITERAL_CONVERSION = YES;
				CLANG_WARN_OBJC_ROOT_CLASS = YES_ERROR;
				CLANG_WARN_RANGE_LOOP_ANALYSIS = YES;
				CLANG_WARN_STRICT_PROTOTYPES = YES;
				CLANG_WARN_SUSPICIOUS_MOVE = YES;
				CLANG_WARN_UNGUARDED_AVAILABILITY = YES_AGGRESSIVE;
				CLANG_WARN_UNREACHABLE_CODE = YES;
				CLANG_WARN__DUPLICATE_METHOD_MATCH = YES;
				COPY_PHASE_STRIP = NO;
				DEBUG_INFORMATION_FORMAT = dwarf;
				ENABLE_STRICT_OBJC_MSGSEND = YES;
				ENABLE_TESTABILITY = YES;
				GCC_C_LANGUAGE_STANDARD = gnu11;
				GCC_DYNAMIC_NO_PIC = NO;
				GCC_NO_COMMON_BLOCKS = YES;
				GCC_OPTIMIZATION_LEVEL = 0;
				GCC_PREPROCESSOR_DEFINITIONS = (
					"DEBUG=1",
					"$(inherited)",
				);
				GCC_WARN_64_TO_32_BIT_CONVERSION = YES;
				GCC_WARN_ABOUT_RETURN_TYPE = YES_ERROR;
				GCC_WARN_UNDECLARED_SELECTOR = YES;
				GCC_WARN_UNINITIALIZED_AUTOS = YES_AGGRESSIVE;
				GCC_WARN_UNUSED_FUNCTION = YES;
				GCC_WARN_UNUSED_VARIABLE = YES;
				IPHONEOS_DEPLOYMENT_TARGET = 13.1;
				MTL_ENABLE_DEBUG_INFO = INCLUDE_SOURCE;
				MTL_FAST_MATH = YES;
				ONLY_ACTIVE_ARCH = YES;
				SDKROOT = iphoneos;
				SWIFT_ACTIVE_COMPILATION_CONDITIONS = DEBUG;
				SWIFT_OPTIMIZATION_LEVEL = "-Onone";
			};
			name = Debug;
		};
		49D561AC23798B0C00CD02E8 /* Release */ = {
			isa = XCBuildConfiguration;
			buildSettings = {
				ALWAYS_SEARCH_USER_PATHS = NO;
				CLANG_ANALYZER_NONNULL = YES;
				CLANG_ANALYZER_NUMBER_OBJECT_CONVERSION = YES_AGGRESSIVE;
				CLANG_CXX_LANGUAGE_STANDARD = "gnu++14";
				CLANG_CXX_LIBRARY = "libc++";
				CLANG_ENABLE_MODULES = YES;
				CLANG_ENABLE_OBJC_ARC = YES;
				CLANG_ENABLE_OBJC_WEAK = YES;
				CLANG_WARN_BLOCK_CAPTURE_AUTORELEASING = YES;
				CLANG_WARN_BOOL_CONVERSION = YES;
				CLANG_WARN_COMMA = YES;
				CLANG_WARN_CONSTANT_CONVERSION = YES;
				CLANG_WARN_DEPRECATED_OBJC_IMPLEMENTATIONS = YES;
				CLANG_WARN_DIRECT_OBJC_ISA_USAGE = YES_ERROR;
				CLANG_WARN_DOCUMENTATION_COMMENTS = YES;
				CLANG_WARN_EMPTY_BODY = YES;
				CLANG_WARN_ENUM_CONVERSION = YES;
				CLANG_WARN_INFINITE_RECURSION = YES;
				CLANG_WARN_INT_CONVERSION = YES;
				CLANG_WARN_NON_LITERAL_NULL_CONVERSION = YES;
				CLANG_WARN_OBJC_IMPLICIT_RETAIN_SELF = YES;
				CLANG_WARN_OBJC_LITERAL_CONVERSION = YES;
				CLANG_WARN_OBJC_ROOT_CLASS = YES_ERROR;
				CLANG_WARN_RANGE_LOOP_ANALYSIS = YES;
				CLANG_WARN_STRICT_PROTOTYPES = YES;
				CLANG_WARN_SUSPICIOUS_MOVE = YES;
				CLANG_WARN_UNGUARDED_AVAILABILITY = YES_AGGRESSIVE;
				CLANG_WARN_UNREACHABLE_CODE = YES;
				CLANG_WARN__DUPLICATE_METHOD_MATCH = YES;
				COPY_PHASE_STRIP = NO;
				DEBUG_INFORMATION_FORMAT = "dwarf-with-dsym";
				ENABLE_NS_ASSERTIONS = NO;
				ENABLE_STRICT_OBJC_MSGSEND = YES;
				GCC_C_LANGUAGE_STANDARD = gnu11;
				GCC_NO_COMMON_BLOCKS = YES;
				GCC_WARN_64_TO_32_BIT_CONVERSION = YES;
				GCC_WARN_ABOUT_RETURN_TYPE = YES_ERROR;
				GCC_WARN_UNDECLARED_SELECTOR = YES;
				GCC_WARN_UNINITIALIZED_AUTOS = YES_AGGRESSIVE;
				GCC_WARN_UNUSED_FUNCTION = YES;
				GCC_WARN_UNUSED_VARIABLE = YES;
				IPHONEOS_DEPLOYMENT_TARGET = 13.1;
				MTL_ENABLE_DEBUG_INFO = NO;
				MTL_FAST_MATH = YES;
				SDKROOT = iphoneos;
				SWIFT_COMPILATION_MODE = wholemodule;
				SWIFT_OPTIMIZATION_LEVEL = "-O";
				VALIDATE_PRODUCT = YES;
			};
			name = Release;
		};
		49D561AE23798B0C00CD02E8 /* Debug */ = {
			isa = XCBuildConfiguration;
			buildSettings = {
				ASSETCATALOG_COMPILER_APPICON_NAME = AppIcon;
				CODE_SIGN_ENTITLEMENTS = caixinha/caixinha.entitlements;
				CODE_SIGN_STYLE = Automatic;
				DEVELOPMENT_ASSET_PATHS = "\"caixinha/Preview Content\"";
				DEVELOPMENT_TEAM = 6M67K4CFU7;
				ENABLE_PREVIEWS = YES;
				INFOPLIST_FILE = caixinha/Info.plist;
				LD_RUNPATH_SEARCH_PATHS = (
					"$(inherited)",
					"@executable_path/Frameworks",
				);
				PRODUCT_BUNDLE_IDENTIFIER = br.ufpe.cin.academy.caixinha;
				PRODUCT_NAME = "$(TARGET_NAME)";
				SWIFT_VERSION = 5.0;
				TARGETED_DEVICE_FAMILY = "1,2";
			};
			name = Debug;
		};
		49D561AF23798B0C00CD02E8 /* Release */ = {
			isa = XCBuildConfiguration;
			buildSettings = {
				ASSETCATALOG_COMPILER_APPICON_NAME = AppIcon;
				CODE_SIGN_ENTITLEMENTS = caixinha/caixinha.entitlements;
				CODE_SIGN_STYLE = Automatic;
				DEVELOPMENT_ASSET_PATHS = "\"caixinha/Preview Content\"";
				DEVELOPMENT_TEAM = 6M67K4CFU7;
				ENABLE_PREVIEWS = YES;
				INFOPLIST_FILE = caixinha/Info.plist;
				LD_RUNPATH_SEARCH_PATHS = (
					"$(inherited)",
					"@executable_path/Frameworks",
				);
				PRODUCT_BUNDLE_IDENTIFIER = br.ufpe.cin.academy.caixinha;
				PRODUCT_NAME = "$(TARGET_NAME)";
				SWIFT_VERSION = 5.0;
				TARGETED_DEVICE_FAMILY = "1,2";
			};
			name = Release;
		};
		49D561B123798B0C00CD02E8 /* Debug */ = {
			isa = XCBuildConfiguration;
			buildSettings = {
				ALWAYS_EMBED_SWIFT_STANDARD_LIBRARIES = YES;
				BUNDLE_LOADER = "$(TEST_HOST)";
				CODE_SIGN_STYLE = Automatic;
				DEVELOPMENT_TEAM = 6M67K4CFU7;
				INFOPLIST_FILE = caixinhaTests/Info.plist;
				IPHONEOS_DEPLOYMENT_TARGET = 13.1;
				LD_RUNPATH_SEARCH_PATHS = (
					"$(inherited)",
					"@executable_path/Frameworks",
					"@loader_path/Frameworks",
				);
				PRODUCT_BUNDLE_IDENTIFIER = br.ufpe.cin.academy.caixinhaTests;
				PRODUCT_NAME = "$(TARGET_NAME)";
				SWIFT_VERSION = 5.0;
				TARGETED_DEVICE_FAMILY = "1,2";
				TEST_HOST = "$(BUILT_PRODUCTS_DIR)/caixinha.app/caixinha";
			};
			name = Debug;
		};
		49D561B223798B0C00CD02E8 /* Release */ = {
			isa = XCBuildConfiguration;
			buildSettings = {
				ALWAYS_EMBED_SWIFT_STANDARD_LIBRARIES = YES;
				BUNDLE_LOADER = "$(TEST_HOST)";
				CODE_SIGN_STYLE = Automatic;
				DEVELOPMENT_TEAM = 6M67K4CFU7;
				INFOPLIST_FILE = caixinhaTests/Info.plist;
				IPHONEOS_DEPLOYMENT_TARGET = 13.1;
				LD_RUNPATH_SEARCH_PATHS = (
					"$(inherited)",
					"@executable_path/Frameworks",
					"@loader_path/Frameworks",
				);
				PRODUCT_BUNDLE_IDENTIFIER = br.ufpe.cin.academy.caixinhaTests;
				PRODUCT_NAME = "$(TARGET_NAME)";
				SWIFT_VERSION = 5.0;
				TARGETED_DEVICE_FAMILY = "1,2";
				TEST_HOST = "$(BUILT_PRODUCTS_DIR)/caixinha.app/caixinha";
			};
			name = Release;
		};
		49D561B423798B0C00CD02E8 /* Debug */ = {
			isa = XCBuildConfiguration;
			buildSettings = {
				ALWAYS_EMBED_SWIFT_STANDARD_LIBRARIES = YES;
				CODE_SIGN_STYLE = Automatic;
				DEVELOPMENT_TEAM = 6M67K4CFU7;
				INFOPLIST_FILE = caixinhaUITests/Info.plist;
				LD_RUNPATH_SEARCH_PATHS = (
					"$(inherited)",
					"@executable_path/Frameworks",
					"@loader_path/Frameworks",
				);
				PRODUCT_BUNDLE_IDENTIFIER = br.ufpe.cin.academy.caixinhaUITests;
				PRODUCT_NAME = "$(TARGET_NAME)";
				SWIFT_VERSION = 5.0;
				TARGETED_DEVICE_FAMILY = "1,2";
				TEST_TARGET_NAME = caixinha;
			};
			name = Debug;
		};
		49D561B523798B0C00CD02E8 /* Release */ = {
			isa = XCBuildConfiguration;
			buildSettings = {
				ALWAYS_EMBED_SWIFT_STANDARD_LIBRARIES = YES;
				CODE_SIGN_STYLE = Automatic;
				DEVELOPMENT_TEAM = 6M67K4CFU7;
				INFOPLIST_FILE = caixinhaUITests/Info.plist;
				LD_RUNPATH_SEARCH_PATHS = (
					"$(inherited)",
					"@executable_path/Frameworks",
					"@loader_path/Frameworks",
				);
				PRODUCT_BUNDLE_IDENTIFIER = br.ufpe.cin.academy.caixinhaUITests;
				PRODUCT_NAME = "$(TARGET_NAME)";
				SWIFT_VERSION = 5.0;
				TARGETED_DEVICE_FAMILY = "1,2";
				TEST_TARGET_NAME = caixinha;
			};
			name = Release;
		};
/* End XCBuildConfiguration section */

/* Begin XCConfigurationList section */
		49D5617B23798B0B00CD02E8 /* Build configuration list for PBXProject "caixinha" */ = {
			isa = XCConfigurationList;
			buildConfigurations = (
				49D561AB23798B0C00CD02E8 /* Debug */,
				49D561AC23798B0C00CD02E8 /* Release */,
			);
			defaultConfigurationIsVisible = 0;
			defaultConfigurationName = Release;
		};
		49D561AD23798B0C00CD02E8 /* Build configuration list for PBXNativeTarget "caixinha" */ = {
			isa = XCConfigurationList;
			buildConfigurations = (
				49D561AE23798B0C00CD02E8 /* Debug */,
				49D561AF23798B0C00CD02E8 /* Release */,
			);
			defaultConfigurationIsVisible = 0;
			defaultConfigurationName = Release;
		};
		49D561B023798B0C00CD02E8 /* Build configuration list for PBXNativeTarget "caixinhaTests" */ = {
			isa = XCConfigurationList;
			buildConfigurations = (
				49D561B123798B0C00CD02E8 /* Debug */,
				49D561B223798B0C00CD02E8 /* Release */,
			);
			defaultConfigurationIsVisible = 0;
			defaultConfigurationName = Release;
		};
		49D561B323798B0C00CD02E8 /* Build configuration list for PBXNativeTarget "caixinhaUITests" */ = {
			isa = XCConfigurationList;
			buildConfigurations = (
				49D561B423798B0C00CD02E8 /* Debug */,
				49D561B523798B0C00CD02E8 /* Release */,
			);
			defaultConfigurationIsVisible = 0;
			defaultConfigurationName = Release;
		};
/* End XCConfigurationList section */

/* Begin XCVersionGroup section */
		4965B6422388086A00929AA6 /* DataModel.xcdatamodeld */ = {
			isa = XCVersionGroup;
			children = (
				4965B6432388086A00929AA6 /* DataModel.xcdatamodel */,
			);
			currentVersion = 4965B6432388086A00929AA6 /* DataModel.xcdatamodel */;
			path = DataModel.xcdatamodeld;
			sourceTree = "<group>";
			versionGroupType = wrapper.xcdatamodel;
		};
		49D5618723798B0B00CD02E8 /* caixinha.xcdatamodeld */ = {
			isa = XCVersionGroup;
			children = (
				49D5618823798B0B00CD02E8 /* caixinha.xcdatamodel */,
			);
			currentVersion = 49D5618823798B0B00CD02E8 /* caixinha.xcdatamodel */;
			path = caixinha.xcdatamodeld;
			sourceTree = "<group>";
			versionGroupType = wrapper.xcdatamodel;
		};
/* End XCVersionGroup section */
	};
	rootObject = 49D5617823798B0B00CD02E8 /* Project object */;
}
